
Microsoft Visual Studio Solution File, Format Version 12.00
# Visual Studio 15
Project("{FAE04EC0-301F-11D3-BF4B-00C04F79EFBC}") = "Assembly-CSharp", "Assembly-CSharp.csproj", "{623FB350-9730-EF85-7FD3-61AF0338100A}"
EndProject
Project("{FAE04EC0-301F-11D3-BF4B-00C04F79EFBC}") = "Assembly-CSharp-Editor", "Assembly-CSharp-Editor.csproj", "{0963EBCA-B2D5-17EF-696C-06A1A3C055F2}"
EndProject
Project("{FAE04EC0-301F-11D3-BF4B-00C04F79EFBC}") = "Root", "Root.csproj", "{9FC7ECE3-79BE-A77D-EC35-EE5975456EDD}"
EndProject
Project("{FAE04EC0-301F-11D3-BF4B-00C04F79EFBC}") = "Tests", "Tests.csproj", "{14EC3672-6E50-5103-552A-F47608AE1B43}"
EndProject
Global
	GlobalSection(SolutionConfigurationPlatforms) = preSolution
		Debug|Any CPU = Debug|Any CPU
		Release|Any CPU = Release|Any CPU
	EndGlobalSection
	GlobalSection(ProjectConfigurationPlatforms) = postSolution
		{623FB350-9730-EF85-7FD3-61AF0338100A}.Debug|Any CPU.ActiveCfg = Debug|Any CPU
		{623FB350-9730-EF85-7FD3-61AF0338100A}.Debug|Any CPU.Build.0 = Debug|Any CPU
		{623FB350-9730-EF85-7FD3-61AF0338100A}.Release|Any CPU.ActiveCfg = Release|Any CPU
		{623FB350-9730-EF85-7FD3-61AF0338100A}.Release|Any CPU.Build.0 = Release|Any CPU
		{0963EBCA-B2D5-17EF-696C-06A1A3C055F2}.Debug|Any CPU.ActiveCfg = Debug|Any CPU
		{0963EBCA-B2D5-17EF-696C-06A1A3C055F2}.Debug|Any CPU.Build.0 = Debug|Any CPU
		{0963EBCA-B2D5-17EF-696C-06A1A3C055F2}.Release|Any CPU.ActiveCfg = Release|Any CPU
		{0963EBCA-B2D5-17EF-696C-06A1A3C055F2}.Release|Any CPU.Build.0 = Release|Any CPU
		{9FC7ECE3-79BE-A77D-EC35-EE5975456EDD}.Debug|Any CPU.ActiveCfg = Debug|Any CPU
		{9FC7ECE3-79BE-A77D-EC35-EE5975456EDD}.Debug|Any CPU.Build.0 = Debug|Any CPU
		{9FC7ECE3-79BE-A77D-EC35-EE5975456EDD}.Release|Any CPU.ActiveCfg = Release|Any CPU
		{9FC7ECE3-79BE-A77D-EC35-EE5975456EDD}.Release|Any CPU.Build.0 = Release|Any CPU
		{14EC3672-6E50-5103-552A-F47608AE1B43}.Debug|Any CPU.ActiveCfg = Debug|Any CPU
		{14EC3672-6E50-5103-552A-F47608AE1B43}.Debug|Any CPU.Build.0 = Debug|Any CPU
		{14EC3672-6E50-5103-552A-F47608AE1B43}.Release|Any CPU.ActiveCfg = Release|Any CPU
		{14EC3672-6E50-5103-552A-F47608AE1B43}.Release|Any CPU.Build.0 = Release|Any CPU
	EndGlobalSection
	GlobalSection(SolutionProperties) = preSolution
		HideSolutionNode = FALSE
	EndGlobalSection
EndGlobal
